
Microsoft Visual Studio Solution File, Format Version 12.00
# Visual Studio 15
VisualStudioVersion = 15.0.26730.3
MinimumVisualStudioVersion = 10.0.40219.1
Project("{FAE04EC0-301F-11D3-BF4B-00C04F79EFBC}") = "TextClassification", "TextClassification\TextClassification.csproj", "{D8E76547-6EAD-4495-95D5-7BEBE33ADAD9}"
EndProject
Project("{FAE04EC0-301F-11D3-BF4B-00C04F79EFBC}") = "TextClassification.Tests", "TextClassification.Tests\TextClassification.Tests.csproj", "{AFC52D32-46C9-448A-9C24-34BEE2FC49C5}"
EndProject
Global
	GlobalSection(SolutionConfigurationPlatforms) = preSolution
		Debug|Any CPU = Debug|Any CPU
		Release|Any CPU = Release|Any CPU
	EndGlobalSection
	GlobalSection(ProjectConfigurationPlatforms) = postSolution
		{D8E76547-6EAD-4495-95D5-7BEBE33ADAD9}.Debug|Any CPU.ActiveCfg = Debug|Any CPU
		{D8E76547-6EAD-4495-95D5-7BEBE33ADAD9}.Debug|Any CPU.Build.0 = Debug|Any CPU
		{D8E76547-6EAD-4495-95D5-7BEBE33ADAD9}.Release|Any CPU.ActiveCfg = Release|Any CPU
		{D8E76547-6EAD-4495-95D5-7BEBE33ADAD9}.Release|Any CPU.Build.0 = Release|Any CPU
		{AFC52D32-46C9-448A-9C24-34BEE2FC49C5}.Debug|Any CPU.ActiveCfg = Debug|Any CPU
		{AFC52D32-46C9-448A-9C24-34BEE2FC49C5}.Debug|Any CPU.Build.0 = Debug|Any CPU
		{AFC52D32-46C9-448A-9C24-34BEE2FC49C5}.Release|Any CPU.ActiveCfg = Release|Any CPU
		{AFC52D32-46C9-448A-9C24-34BEE2FC49C5}.Release|Any CPU.Build.0 = Release|Any CPU
	EndGlobalSection
	GlobalSection(SolutionProperties) = preSolution
		HideSolutionNode = FALSE
	EndGlobalSection
	GlobalSection(ExtensibilityGlobals) = postSolution
		SolutionGuid = {AD89072C-7284-4AD3-AA0E-4615B0B5A81C}
	EndGlobalSection
EndGlobal
